
Microsoft Visual Studio Solution File, Format Version 12.00
# Visual Studio Version 18
VisualStudioVersion = 18.0.11217.181 d18.0
MinimumVisualStudioVersion = 17.0.32014.148
Project("{2150E333-8FDC-42A3-9474-1A3956D46DE8}") = "Solution Items", "Solution Items", "{4F9BF77B-0686-45B7-8F4C-2431E58E0827}"
	ProjectSection(SolutionItems) = preProject
		.editorconfig = .editorconfig
		.gitignore = .gitignore
		DEBUGGING.md = DEBUGGING.md
		Jannesen.TypedTSql.props = Jannesen.TypedTSql.props
		LICENSE.txt = LICENSE.txt
		nuget.config = nuget.config
		README.md = README.md
		todo.md = todo.md
		VSExp-Clean.cmd = VSExp-Clean.cmd
	EndProjectSection
EndProject
Project("{FAE04EC0-301F-11D3-BF4B-00C04F79EFBC}") = "Jannesen.Language.TypedTSql", "Jannesen.Language.TypedTSql\Jannesen.Language.TypedTSql.csproj", "{D812B8B4-B1FE-4E62-9E32-D0AED385A6AF}"
EndProject
Project("{FAE04EC0-301F-11D3-BF4B-00C04F79EFBC}") = "Jannesen.Language.TypedTSql.WebService", "Jannesen.Language.TypedTSql.WebService\Jannesen.Language.TypedTSql.WebService.csproj", "{E776EF11-1585-4107-A531-37484B7681B5}"
EndProject
Project("{FAE04EC0-301F-11D3-BF4B-00C04F79EFBC}") = "Jannesen.Language.TypedTSql.Tester", "Jannesen.Language.TypedTSql.Tester\Jannesen.Language.TypedTSql.Tester.csproj", "{B68C013E-F6AF-4448-8952-7626E9E7B289}"
EndProject
Project("{FAE04EC0-301F-11D3-BF4B-00C04F79EFBC}") = "Jannesen.VisualStudioExtension.TypedTSql.Build", "Jannesen.VisualStudioExtension.TypedTSql.Build\Jannesen.VisualStudioExtension.TypedTSql.Build.csproj", "{091F7030-6776-45E3-B0FA-DBED1EDFF4D0}"
EndProject
Project("{FAE04EC0-301F-11D3-BF4B-00C04F79EFBC}") = "Jannesen.VisualStudioExtension.TypedTSql.ProjectTemplate", "Jannesen.VisualStudioExtension.TypedTSql.ProjectTemplate\Jannesen.VisualStudioExtension.TypedTSql.ProjectTemplate.csproj", "{48B31BEA-1E10-42FF-8C91-BF8FE2FDE856}"
EndProject
Project("{FAE04EC0-301F-11D3-BF4B-00C04F79EFBC}") = "Jannesen.VisualStudioExtension.TypedTSql.ItemTemplate", "Jannesen.VisualStudioExtension.TypedTSql.ItemTemplate\Jannesen.VisualStudioExtension.TypedTSql.ItemTemplate.csproj", "{50E9BA1F-9572-4294-87FA-6DE934E6C095}"
EndProject
Project("{FAE04EC0-301F-11D3-BF4B-00C04F79EFBC}") = "Jannesen.VisualStudioExtension.TypedTSql", "Jannesen.VisualStudioExtension.TypedTSql\Jannesen.VisualStudioExtension.TypedTSql.csproj", "{D3E10662-B8C2-4B73-852D-C04ECEB5179B}"
	ProjectSection(ProjectDependencies) = postProject
		{091F7030-6776-45E3-B0FA-DBED1EDFF4D0} = {091F7030-6776-45E3-B0FA-DBED1EDFF4D0}
	EndProjectSection
EndProject
Project("{2150E333-8FDC-42A3-9474-1A3956D46DE8}") = "doc", "doc", "{3C4C4E6A-BC46-49CB-BCD8-A0E417D52B02}"
	ProjectSection(SolutionItems) = preProject
		todo.md = todo.md
		Doc\webmethod.md = Doc\webmethod.md
		Doc\webservice.md = Doc\webservice.md
	EndProjectSection
EndProject
Global
	GlobalSection(SolutionConfigurationPlatforms) = preSolution
		Debug|Any CPU = Debug|Any CPU
		Release|Any CPU = Release|Any CPU
	EndGlobalSection
	GlobalSection(ProjectConfigurationPlatforms) = postSolution
		{D812B8B4-B1FE-4E62-9E32-D0AED385A6AF}.Debug|Any CPU.ActiveCfg = Debug|Any CPU
		{D812B8B4-B1FE-4E62-9E32-D0AED385A6AF}.Debug|Any CPU.Build.0 = Debug|Any CPU
		{D812B8B4-B1FE-4E62-9E32-D0AED385A6AF}.Release|Any CPU.ActiveCfg = Release|Any CPU
		{D812B8B4-B1FE-4E62-9E32-D0AED385A6AF}.Release|Any CPU.Build.0 = Release|Any CPU
		{E776EF11-1585-4107-A531-37484B7681B5}.Debug|Any CPU.ActiveCfg = Debug|Any CPU
		{E776EF11-1585-4107-A531-37484B7681B5}.Debug|Any CPU.Build.0 = Debug|Any CPU
		{E776EF11-1585-4107-A531-37484B7681B5}.Release|Any CPU.ActiveCfg = Release|Any CPU
		{E776EF11-1585-4107-A531-37484B7681B5}.Release|Any CPU.Build.0 = Release|Any CPU
		{B68C013E-F6AF-4448-8952-7626E9E7B289}.Debug|Any CPU.ActiveCfg = Debug|Any CPU
		{B68C013E-F6AF-4448-8952-7626E9E7B289}.Debug|Any CPU.Build.0 = Debug|Any CPU
		{B68C013E-F6AF-4448-8952-7626E9E7B289}.Release|Any CPU.ActiveCfg = Release|Any CPU
		{B68C013E-F6AF-4448-8952-7626E9E7B289}.Release|Any CPU.Build.0 = Release|Any CPU
		{091F7030-6776-45E3-B0FA-DBED1EDFF4D0}.Debug|Any CPU.ActiveCfg = Debug|Any CPU
		{091F7030-6776-45E3-B0FA-DBED1EDFF4D0}.Debug|Any CPU.Build.0 = Debug|Any CPU
		{091F7030-6776-45E3-B0FA-DBED1EDFF4D0}.Release|Any CPU.ActiveCfg = Release|Any CPU
		{091F7030-6776-45E3-B0FA-DBED1EDFF4D0}.Release|Any CPU.Build.0 = Release|Any CPU
		{48B31BEA-1E10-42FF-8C91-BF8FE2FDE856}.Debug|Any CPU.ActiveCfg = Debug|Any CPU
		{48B31BEA-1E10-42FF-8C91-BF8FE2FDE856}.Debug|Any CPU.Build.0 = Debug|Any CPU
		{48B31BEA-1E10-42FF-8C91-BF8FE2FDE856}.Release|Any CPU.ActiveCfg = Release|Any CPU
		{48B31BEA-1E10-42FF-8C91-BF8FE2FDE856}.Release|Any CPU.Build.0 = Release|Any CPU
		{50E9BA1F-9572-4294-87FA-6DE934E6C095}.Debug|Any CPU.ActiveCfg = Debug|Any CPU
		{50E9BA1F-9572-4294-87FA-6DE934E6C095}.Debug|Any CPU.Build.0 = Debug|Any CPU
		{50E9BA1F-9572-4294-87FA-6DE934E6C095}.Release|Any CPU.ActiveCfg = Release|Any CPU
		{50E9BA1F-9572-4294-87FA-6DE934E6C095}.Release|Any CPU.Build.0 = Release|Any CPU
		{D3E10662-B8C2-4B73-852D-C04ECEB5179B}.Debug|Any CPU.ActiveCfg = Debug|Any CPU
		{D3E10662-B8C2-4B73-852D-C04ECEB5179B}.Debug|Any CPU.Build.0 = Debug|Any CPU
		{D3E10662-B8C2-4B73-852D-C04ECEB5179B}.Release|Any CPU.ActiveCfg = Release|Any CPU
		{D3E10662-B8C2-4B73-852D-C04ECEB5179B}.Release|Any CPU.Build.0 = Release|Any CPU
	EndGlobalSection
	GlobalSection(SolutionProperties) = preSolution
		HideSolutionNode = FALSE
	EndGlobalSection
	GlobalSection(ExtensibilityGlobals) = postSolution
		SolutionGuid = {563CE484-23BB-4B41-B96E-F2698042F42A}
	EndGlobalSection
EndGlobal
